
Microsoft Visual Studio Solution File, Format Version 12.00
# Visual Studio 2012
Project("{FAE04EC0-301F-11D3-BF4B-00C04F79EFBC}") = "TestCsv", "TestCsv\TestCsv.csproj", "{5ED2C7E8-72DA-4B66-9B09-08B962F6AE7E}"
EndProject
Project("{2150E333-8FDC-42A3-9474-1A3956D46DE8}") = ".nuget", ".nuget", "{1F96E1CB-CE99-4B0D-86E4-10FFE4F1E526}"
EndProject
Global
	GlobalSection(SolutionConfigurationPlatforms) = preSolution
		Debug|Any CPU = Debug|Any CPU
		Release|Any CPU = Release|Any CPU
	EndGlobalSection
	GlobalSection(ProjectConfigurationPlatforms) = postSolution
		{5ED2C7E8-72DA-4B66-9B09-08B962F6AE7E}.Debug|Any CPU.ActiveCfg = Debug|Any CPU
		{5ED2C7E8-72DA-4B66-9B09-08B962F6AE7E}.Debug|Any CPU.Build.0 = Debug|Any CPU
		{5ED2C7E8-72DA-4B66-9B09-08B962F6AE7E}.Release|Any CPU.ActiveCfg = Release|Any CPU
		{5ED2C7E8-72DA-4B66-9B09-08B962F6AE7E}.Release|Any CPU.Build.0 = Release|Any CPU
	EndGlobalSection
	GlobalSection(SolutionProperties) = preSolution
		HideSolutionNode = FALSE
	EndGlobalSection
EndGlobal
